PODS:
  - CocoaLumberjack (3.4.2):
    - CocoaLumberjack/Default (= 3.4.2)
    - CocoaLumberjack/Extensions (= 3.4.2)
  - CocoaLumberjack/Default (3.4.2)
  - CocoaLumberjack/Extensions (3.4.2):
    - CocoaLumberjack/Default

DEPENDENCIES:
  - CocoaLumberjack

SPEC CHECKSUMS:
  CocoaLumberjack: db7cc9e464771f12054c22ff6947c5a58d43a0fd

PODFILE CHECKSUM: fd00fc672c324e82b7d9bdfe94f3145af51eacd7

COCOAPODS: 1.4.0
