// !$*UTF8*$!
{
	archiveVersion = 1;
	classes = {
	};
	objectVersion = 46;
	objects = {

/* Begin PBXBuildFile section */
		80599B4A1FD8262F00901F7C /* TVSAccountSDK.framework in Frameworks */ = {isa = PBXBuildFile; fileRef = 80599B491FD8262F00901F7C /* TVSAccountSDK.framework */; };
		80599B7C1FD82B7000901F7C /* libWeChatSDK.a in Frameworks */ = {isa = PBXBuildFile; fileRef = 80599B7B1FD82B7000901F7C /* libWeChatSDK.a */; };
		80599B7E1FD82BEE00901F7C /* libsqlite3.tbd in Frameworks */ = {isa = PBXBuildFile; fileRef = 80599B7D1FD82BEE00901F7C /* libsqlite3.tbd */; };
		80599B801FD82BFF00901F7C /* libz.tbd in Frameworks */ = {isa = PBXBuildFile; fileRef = 80599B7F1FD82BFF00901F7C /* libz.tbd */; };
		80599B821FD82C4200901F7C /* TencentOpenAPI.framework in Frameworks */ = {isa = PBXBuildFile; fileRef = 80599B811FD82C4200901F7C /* TencentOpenAPI.framework */; };
		80599B841FD82CA800901F7C /* SystemConfiguration.framework in Frameworks */ = {isa = PBXBuildFile; fileRef = 80599B831FD82C9F00901F7C /* SystemConfiguration.framework */; };
		80599B861FD82CBD00901F7C /* CoreTelephony.framework in Frameworks */ = {isa = PBXBuildFile; fileRef = 80599B851FD82CB600901F7C /* CoreTelephony.framework */; };
		80599B881FD82CF300901F7C /* libstdc++.tbd in Frameworks */ = {isa = PBXBuildFile; fileRef = 80599B871FD82CF300901F7C /* libstdc++.tbd */; };
		8AD8081F1F3DB0E80040C9CF /* main.m in Sources */ = {isa = PBXBuildFile; fileRef = 8AD8081E1F3DB0E80040C9CF /* main.m */; };
		8AD808221F3DB0E80040C9CF /* AppDelegate.m in Sources */ = {isa = PBXBuildFile; fileRef = 8AD808211F3DB0E80040C9CF /* AppDelegate.m */; };
		8AD808251F3DB0E80040C9CF /* LoginController.m in Sources */ = {isa = PBXBuildFile; fileRef = 8AD808241F3DB0E80040C9CF /* LoginController.m */; };
		8AD808281F3DB0E80040C9CF /* Main.storyboard in Resources */ = {isa = PBXBuildFile; fileRef = 8AD808261F3DB0E80040C9CF /* Main.storyboard */; };
		8AD8082A1F3DB0E80040C9CF /* Assets.xcassets in Resources */ = {isa = PBXBuildFile; fileRef = 8AD808291F3DB0E80040C9CF /* Assets.xcassets */; };
		8AD8082D1F3DB0E80040C9CF /* LaunchScreen.storyboard in Resources */ = {isa = PBXBuildFile; fileRef = 8AD8082B1F3DB0E80040C9CF /* LaunchScreen.storyboard */; };
		BE64B6E41F052E1D05A2CF72 /* libPods-TVSAccountDemo.a in Frameworks */ = {isa = PBXBuildFile; fileRef = 9A116544346F83D8A8992DAC /* libPods-TVSAccountDemo.a */; };
/* End PBXBuildFile section */

/* Begin PBXCopyFilesBuildPhase section */
		809D23971FA72A4D00C2C455 /* Embed Frameworks */ = {
			isa = PBXCopyFilesBuildPhase;
			buildActionMask = 2147483647;
			dstPath = "";
			dstSubfolderSpec = 10;
			files = (
			);
			name = "Embed Frameworks";
			runOnlyForDeploymentPostprocessing = 0;
		};
/* End PBXCopyFilesBuildPhase section */

/* Begin PBXFileReference section */
		80599B491FD8262F00901F7C /* TVSAccountSDK.framework */ = {isa = PBXFileReference; lastKnownFileType = wrapper.framework; path = TVSAccountSDK.framework; sourceTree = "<group>"; };
		80599B7B1FD82B7000901F7C /* libWeChatSDK.a */ = {isa = PBXFileReference; lastKnownFileType = archive.ar; name = libWeChatSDK.a; path = WeChat/libWeChatSDK.a; sourceTree = "<group>"; };
		80599B7D1FD82BEE00901F7C /* libsqlite3.tbd */ = {isa = PBXFileReference; lastKnownFileType = "sourcecode.text-based-dylib-definition"; name = libsqlite3.tbd; path = usr/lib/libsqlite3.tbd; sourceTree = SDKROOT; };
		80599B7F1FD82BFF00901F7C /* libz.tbd */ = {isa = PBXFileReference; lastKnownFileType = "sourcecode.text-based-dylib-definition"; name = libz.tbd; path = usr/lib/libz.tbd; sourceTree = SDKROOT; };
		80599B811FD82C4200901F7C /* TencentOpenAPI.framework */ = {isa = PBXFileReference; lastKnownFileType = wrapper.framework; path = TencentOpenAPI.framework; sourceTree = "<group>"; };
		80599B831FD82C9F00901F7C /* SystemConfiguration.framework */ = {isa = PBXFileReference; lastKnownFileType = wrapper.framework; name = SystemConfiguration.framework; path = System/Library/Frameworks/SystemConfiguration.framework; sourceTree = SDKROOT; };
		80599B851FD82CB600901F7C /* CoreTelephony.framework */ = {isa = PBXFileReference; lastKnownFileType = wrapper.framework; name = CoreTelephony.framework; path = System/Library/Frameworks/CoreTelephony.framework; sourceTree = SDKROOT; };
		80599B871FD82CF300901F7C /* libstdc++.tbd */ = {isa = PBXFileReference; lastKnownFileType = "sourcecode.text-based-dylib-definition"; name = "libstdc++.tbd"; path = "usr/lib/libstdc++.tbd"; sourceTree = SDKROOT; };
		8280EAE70BEB3A47F85369CA /* Pods-TVSAccountDemo.debug.xcconfig */ = {isa = PBXFileReference; includeInIndex = 1; lastKnownFileType = text.xcconfig; name = "Pods-TVSAccountDemo.debug.xcconfig"; path = "Pods/Target Support Files/Pods-TVSAccountDemo/Pods-TVSAccountDemo.debug.xcconfig"; sourceTree = "<group>"; };
		8AD8081A1F3DB0E80040C9CF /* TVSAccountDemo.app */ = {isa = PBXFileReference; explicitFileType = wrapper.application; includeInIndex = 0; path = TVSAccountDemo.app; sourceTree = BUILT_PRODUCTS_DIR; };
		8AD8081E1F3DB0E80040C9CF /* main.m */ = {isa = PBXFileReference; lastKnownFileType = sourcecode.c.objc; path = main.m; sourceTree = "<group>"; };
		8AD808201F3DB0E80040C9CF /* AppDelegate.h */ = {isa = PBXFileReference; lastKnownFileType = sourcecode.c.h; path = AppDelegate.h; sourceTree = "<group>"; };
		8AD808211F3DB0E80040C9CF /* AppDelegate.m */ = {isa = PBXFileReference; lastKnownFileType = sourcecode.c.objc; path = AppDelegate.m; sourceTree = "<group>"; };
		8AD808231F3DB0E80040C9CF /* LoginController.h */ = {isa = PBXFileReference; lastKnownFileType = sourcecode.c.h; path = LoginController.h; sourceTree = "<group>"; };
		8AD808241F3DB0E80040C9CF /* LoginController.m */ = {isa = PBXFileReference; lastKnownFileType = sourcecode.c.objc; path = LoginController.m; sourceTree = "<group>"; };
		8AD808271F3DB0E80040C9CF /* Base */ = {isa = PBXFileReference; lastKnownFileType = file.storyboard; name = Base; path = Base.lproj/Main.storyboard; sourceTree = "<group>"; };
		8AD808291F3DB0E80040C9CF /* Assets.xcassets */ = {isa = PBXFileReference; lastKnownFileType = folder.assetcatalog; path = Assets.xcassets; sourceTree = "<group>"; };
		8AD8082C1F3DB0E80040C9CF /* Base */ = {isa = PBXFileReference; lastKnownFileType = file.storyboard; name = Base; path = Base.lproj/LaunchScreen.storyboard; sourceTree = "<group>"; };
		8AD8082E1F3DB0E80040C9CF /* Info.plist */ = {isa = PBXFileReference; lastKnownFileType = text.plist.xml; path = Info.plist; sourceTree = "<group>"; };
		9469E77371DE60DE145348FE /* Pods-TVSAccountDemo.release.xcconfig */ = {isa = PBXFileReference; includeInIndex = 1; lastKnownFileType = text.xcconfig; name = "Pods-TVSAccountDemo.release.xcconfig"; path = "Pods/Target Support Files/Pods-TVSAccountDemo/Pods-TVSAccountDemo.release.xcconfig"; sourceTree = "<group>"; };
		9A116544346F83D8A8992DAC /* libPods-TVSAccountDemo.a */ = {isa = PBXFileReference; explicitFileType = archive.ar; includeInIndex = 0; path = "libPods-TVSAccountDemo.a"; sourceTree = BUILT_PRODUCTS_DIR; };
/* End PBXFileReference section */

/* Begin PBXFrameworksBuildPhase section */
		8AD808171F3DB0E80040C9CF /* Frameworks */ = {
			isa = PBXFrameworksBuildPhase;
			buildActionMask = 2147483647;
			files = (
				80599B4A1FD8262F00901F7C /* TVSAccountSDK.framework in Frameworks */,
				80599B821FD82C4200901F7C /* TencentOpenAPI.framework in Frameworks */,
				80599B7C1FD82B7000901F7C /* libWeChatSDK.a in Frameworks */,
				80599B7E1FD82BEE00901F7C /* libsqlite3.tbd in Frameworks */,
				80599B881FD82CF300901F7C /* libstdc++.tbd in Frameworks */,
				80599B801FD82BFF00901F7C /* libz.tbd in Frameworks */,
				80599B861FD82CBD00901F7C /* CoreTelephony.framework in Frameworks */,
				80599B841FD82CA800901F7C /* SystemConfiguration.framework in Frameworks */,
				BE64B6E41F052E1D05A2CF72 /* libPods-TVSAccountDemo.a in Frameworks */,
			);
			runOnlyForDeploymentPostprocessing = 0;
		};
/* End PBXFrameworksBuildPhase section */

/* Begin PBXGroup section */
		489A4B7CC496B5BB515224A5 /* Pods */ = {
			isa = PBXGroup;
			children = (
				8280EAE70BEB3A47F85369CA /* Pods-TVSAccountDemo.debug.xcconfig */,
				9469E77371DE60DE145348FE /* Pods-TVSAccountDemo.release.xcconfig */,
			);
			name = Pods;
			sourceTree = "<group>";
		};
		8A9738311F418BBD003BD45B /* Frameworks */ = {
			isa = PBXGroup;
			children = (
				80599B871FD82CF300901F7C /* libstdc++.tbd */,
				80599B851FD82CB600901F7C /* CoreTelephony.framework */,
				80599B831FD82C9F00901F7C /* SystemConfiguration.framework */,
				80599B811FD82C4200901F7C /* TencentOpenAPI.framework */,
				80599B7F1FD82BFF00901F7C /* libz.tbd */,
				80599B7D1FD82BEE00901F7C /* libsqlite3.tbd */,
				80599B7B1FD82B7000901F7C /* libWeChatSDK.a */,
				80599B491FD8262F00901F7C /* TVSAccountSDK.framework */,
				9A116544346F83D8A8992DAC /* libPods-TVSAccountDemo.a */,
			);
			name = Frameworks;
			sourceTree = "<group>";
		};
		8AD808111F3DB0E80040C9CF = {
			isa = PBXGroup;
			children = (
				8AD8081C1F3DB0E80040C9CF /* TVSAccountDemo */,
				8AD8081B1F3DB0E80040C9CF /* Products */,
				8A9738311F418BBD003BD45B /* Frameworks */,
				489A4B7CC496B5BB515224A5 /* Pods */,
			);
			sourceTree = "<group>";
		};
		8AD8081B1F3DB0E80040C9CF /* Products */ = {
			isa = PBXGroup;
			children = (
				8AD8081A1F3DB0E80040C9CF /* TVSAccountDemo.app */,
			);
			name = Products;
			sourceTree = "<group>";
		};
		8AD8081C1F3DB0E80040C9CF /* TVSAccountDemo */ = {
			isa = PBXGroup;
			children = (
				8AD808201F3DB0E80040C9CF /* AppDelegate.h */,
				8AD808211F3DB0E80040C9CF /* AppDelegate.m */,
				8AD808231F3DB0E80040C9CF /* LoginController.h */,
				8AD808241F3DB0E80040C9CF /* LoginController.m */,
				8AD808261F3DB0E80040C9CF /* Main.storyboard */,
				8AD808291F3DB0E80040C9CF /* Assets.xcassets */,
				8AD8082B1F3DB0E80040C9CF /* LaunchScreen.storyboard */,
				8AD8082E1F3DB0E80040C9CF /* Info.plist */,
				8AD8081D1F3DB0E80040C9CF /* Supporting Files */,
			);
			path = TVSAccountDemo;
			sourceTree = "<group>";
		};
		8AD8081D1F3DB0E80040C9CF /* Supporting Files */ = {
			isa = PBXGroup;
			children = (
				8AD8081E1F3DB0E80040C9CF /* main.m */,
			);
			name = "Supporting Files";
			sourceTree = "<group>";
		};
/* End PBXGroup section */

/* Begin PBXNativeTarget section */
		8AD808191F3DB0E80040C9CF /* TVSAccountDemo */ = {
			isa = PBXNativeTarget;
			buildConfigurationList = 8AD808471F3DB0E80040C9CF /* Build configuration list for PBXNativeTarget "TVSAccountDemo" */;
			buildPhases = (
				EF1AF91E94E3B925635D4A7D /* [CP] Check Pods Manifest.lock */,
				8AD808161F3DB0E80040C9CF /* Sources */,
				8AD808171F3DB0E80040C9CF /* Frameworks */,
				8AD808181F3DB0E80040C9CF /* Resources */,
				809D23971FA72A4D00C2C455 /* Embed Frameworks */,
				81C6FC47E363418BABD4586F /* [CP] Embed Pods Frameworks */,
				FAEBC3B4EF7CC7DDD11E8C8D /* [CP] Copy Pods Resources */,
			);
			buildRules = (
			);
			dependencies = (
			);
			name = TVSAccountDemo;
			productName = TvsLoginDemo;
			productReference = 8AD8081A1F3DB0E80040C9CF /* TVSAccountDemo.app */;
			productType = "com.apple.product-type.application";
		};
/* End PBXNativeTarget section */

/* Begin PBXProject section */
		8AD808121F3DB0E80040C9CF /* Project object */ = {
			isa = PBXProject;
			attributes = {
				LastUpgradeCheck = 0900;
				ORGANIZATIONNAME = tencent;
				TargetAttributes = {
					8AD808191F3DB0E80040C9CF = {
						CreatedOnToolsVersion = 8.3.2;
						DevelopmentTeam = 5TNCWX532Z;
						ProvisioningStyle = Automatic;
					};
				};
			};
			buildConfigurationList = 8AD808151F3DB0E80040C9CF /* Build configuration list for PBXProject "TVSAccountDemo" */;
			compatibilityVersion = "Xcode 3.2";
			developmentRegion = English;
			hasScannedForEncodings = 0;
			knownRegions = (
				en,
				Base,
			);
			mainGroup = 8AD808111F3DB0E80040C9CF;
			productRefGroup = 8AD8081B1F3DB0E80040C9CF /* Products */;
			projectDirPath = "";
			projectRoot = "";
			targets = (
				8AD808191F3DB0E80040C9CF /* TVSAccountDemo */,
			);
		};
/* End PBXProject section */

/* Begin PBXResourcesBuildPhase section */
		8AD808181F3DB0E80040C9CF /* Resources */ = {
			isa = PBXResourcesBuildPhase;
			buildActionMask = 2147483647;
			files = (
				8AD8082D1F3DB0E80040C9CF /* LaunchScreen.storyboard in Resources */,
				8AD8082A1F3DB0E80040C9CF /* Assets.xcassets in Resources */,
				8AD808281F3DB0E80040C9CF /* Main.storyboard in Resources */,
			);
			runOnlyForDeploymentPostprocessing = 0;
		};
/* End PBXResourcesBuildPhase section */

/* Begin PBXShellScriptBuildPhase section */
		81C6FC47E363418BABD4586F /* [CP] Embed Pods Frameworks */ = {
			isa = PBXShellScriptBuildPhase;
			buildActionMask = 2147483647;
			files = (
			);
			inputPaths = (
			);
			name = "[CP] Embed Pods Frameworks";
			outputPaths = (
			);
			runOnlyForDeploymentPostprocessing = 0;
			shellPath = /bin/sh;
			shellScript = "\"${SRCROOT}/Pods/Target Support Files/Pods-TVSAccountDemo/Pods-TVSAccountDemo-frameworks.sh\"\n";
			showEnvVarsInLog = 0;
		};
		EF1AF91E94E3B925635D4A7D /* [CP] Check Pods Manifest.lock */ = {
			isa = PBXShellScriptBuildPhase;
			buildActionMask = 2147483647;
			files = (
			);
			inputPaths = (
				"${PODS_PODFILE_DIR_PATH}/Podfile.lock",
				"${PODS_ROOT}/Manifest.lock",
			);
			name = "[CP] Check Pods Manifest.lock";
			outputPaths = (
				"$(DERIVED_FILE_DIR)/Pods-TVSAccountDemo-checkManifestLockResult.txt",
			);
			runOnlyForDeploymentPostprocessing = 0;
			shellPath = /bin/sh;
			shellScript = "diff \"${PODS_PODFILE_DIR_PATH}/Podfile.lock\" \"${PODS_ROOT}/Manifest.lock\" > /dev/null\nif [ $? != 0 ] ; then\n    # print error to STDERR\n    echo \"error: The sandbox is not in sync with the Podfile.lock. Run 'pod install' or update your CocoaPods installation.\" >&2\n    exit 1\nfi\n# This output is used by Xcode 'outputs' to avoid re-running this script phase.\necho \"SUCCESS\" > \"${SCRIPT_OUTPUT_FILE_0}\"\n";
			showEnvVarsInLog = 0;
		};
		FAEBC3B4EF7CC7DDD11E8C8D /* [CP] Copy Pods Resources */ = {
			isa = PBXShellScriptBuildPhase;
			buildActionMask = 2147483647;
			files = (
			);
			inputPaths = (
			);
			name = "[CP] Copy Pods Resources";
			outputPaths = (
			);
			runOnlyForDeploymentPostprocessing = 0;
			shellPath = /bin/sh;
			shellScript = "\"${SRCROOT}/Pods/Target Support Files/Pods-TVSAccountDemo/Pods-TVSAccountDemo-resources.sh\"\n";
			showEnvVarsInLog = 0;
		};
/* End PBXShellScriptBuildPhase section */

/* Begin PBXSourcesBuildPhase section */
		8AD808161F3DB0E80040C9CF /* Sources */ = {
			isa = PBXSourcesBuildPhase;
			buildActionMask = 2147483647;
			files = (
				8AD808251F3DB0E80040C9CF /* LoginController.m in Sources */,
				8AD808221F3DB0E80040C9CF /* AppDelegate.m in Sources */,
				8AD8081F1F3DB0E80040C9CF /* main.m in Sources */,
			);
			runOnlyForDeploymentPostprocessing = 0;
		};
/* End PBXSourcesBuildPhase section */

/* Begin PBXVariantGroup section */
		8AD808261F3DB0E80040C9CF /* Main.storyboard */ = {
			isa = PBXVariantGroup;
			children = (
				8AD808271F3DB0E80040C9CF /* Base */,
			);
			name = Main.storyboard;
			sourceTree = "<group>";
		};
		8AD8082B1F3DB0E80040C9CF /* LaunchScreen.storyboard */ = {
			isa = PBXVariantGroup;
			children = (
				8AD8082C1F3DB0E80040C9CF /* Base */,
			);
			name = LaunchScreen.storyboard;
			sourceTree = "<group>";
		};
/* End PBXVariantGroup section */

/* Begin XCBuildConfiguration section */
		8AD808451F3DB0E80040C9CF /* Debug */ = {
			isa = XCBuildConfiguration;
			buildSettings = {
				ALWAYS_SEARCH_USER_PATHS = NO;
				CLANG_ANALYZER_NONNULL = YES;
				CLANG_ANALYZER_NUMBER_OBJECT_CONVERSION = YES_AGGRESSIVE;
				CLANG_CXX_LANGUAGE_STANDARD = "gnu++0x";
				CLANG_CXX_LIBRARY = "libc++";
				CLANG_ENABLE_MODULES = YES;
				CLANG_ENABLE_OBJC_ARC = YES;
				CLANG_WARN_BLOCK_CAPTURE_AUTORELEASING = YES;
				CLANG_WARN_BOOL_CONVERSION = YES;
				CLANG_WARN_COMMA = YES;
				CLANG_WARN_CONSTANT_CONVERSION = YES;
				CLANG_WARN_DIRECT_OBJC_ISA_USAGE = YES_ERROR;
				CLANG_WARN_DOCUMENTATION_COMMENTS = YES;
				CLANG_WARN_EMPTY_BODY = YES;
				CLANG_WARN_ENUM_CONVERSION = YES;
				CLANG_WARN_INFINITE_RECURSION = YES;
				CLANG_WARN_INT_CONVERSION = YES;
				CLANG_WARN_NON_LITERAL_NULL_CONVERSION = YES;
				CLANG_WARN_OBJC_LITERAL_CONVERSION = YES;
				CLANG_WARN_OBJC_ROOT_CLASS = YES_ERROR;
				CLANG_WARN_RANGE_LOOP_ANALYSIS = YES;
				CLANG_WARN_STRICT_PROTOTYPES = YES;
				CLANG_WARN_SUSPICIOUS_MOVE = YES;
				CLANG_WARN_UNREACHABLE_CODE = YES;
				CLANG_WARN__DUPLICATE_METHOD_MATCH = YES;
				"CODE_SIGN_IDENTITY[sdk=iphoneos*]" = "iPhone Developer";
				COPY_PHASE_STRIP = NO;
				DEBUG_INFORMATION_FORMAT = dwarf;
				ENABLE_STRICT_OBJC_MSGSEND = YES;
				ENABLE_TESTABILITY = YES;
				GCC_C_LANGUAGE_STANDARD = gnu99;
				GCC_DYNAMIC_NO_PIC = NO;
				GCC_NO_COMMON_BLOCKS = YES;
				GCC_OPTIMIZATION_LEVEL = 0;
				GCC_PREPROCESSOR_DEFINITIONS = (
					"DEBUG=1",
					"$(inherited)",
				);
				GCC_WARN_64_TO_32_BIT_CONVERSION = YES;
				GCC_WARN_ABOUT_RETURN_TYPE = YES_ERROR;
				GCC_WARN_UNDECLARED_SELECTOR = YES;
				GCC_WARN_UNINITIALIZED_AUTOS = YES_AGGRESSIVE;
				GCC_WARN_UNUSED_FUNCTION = YES;
				GCC_WARN_UNUSED_VARIABLE = YES;
				IPHONEOS_DEPLOYMENT_TARGET = 10.3;
				MTL_ENABLE_DEBUG_INFO = YES;
				ONLY_ACTIVE_ARCH = YES;
				SDKROOT = iphoneos;
				TARGETED_DEVICE_FAMILY = "1,2";
			};
			name = Debug;
		};
		8AD808461F3DB0E80040C9CF /* Release */ = {
			isa = XCBuildConfiguration;
			buildSettings = {
				ALWAYS_SEARCH_USER_PATHS = NO;
				CLANG_ANALYZER_NONNULL = YES;
				CLANG_ANALYZER_NUMBER_OBJECT_CONVERSION = YES_AGGRESSIVE;
				CLANG_CXX_LANGUAGE_STANDARD = "gnu++0x";
				CLANG_CXX_LIBRARY = "libc++";
				CLANG_ENABLE_MODULES = YES;
				CLANG_ENABLE_OBJC_ARC = YES;
				CLANG_WARN_BLOCK_CAPTURE_AUTORELEASING = YES;
				CLANG_WARN_BOOL_CONVERSION = YES;
				CLANG_WARN_COMMA = YES;
				CLANG_WARN_CONSTANT_CONVERSION = YES;
				CLANG_WARN_DIRECT_OBJC_ISA_USAGE = YES_ERROR;
				CLANG_WARN_DOCUMENTATION_COMMENTS = YES;
				CLANG_WARN_EMPTY_BODY = YES;
				CLANG_WARN_ENUM_CONVERSION = YES;
				CLANG_WARN_INFINITE_RECURSION = YES;
				CLANG_WARN_INT_CONVERSION = YES;
				CLANG_WARN_NON_LITERAL_NULL_CONVERSION = YES;
				CLANG_WARN_OBJC_LITERAL_CONVERSION = YES;
				CLANG_WARN_OBJC_ROOT_CLASS = YES_ERROR;
				CLANG_WARN_RANGE_LOOP_ANALYSIS = YES;
				CLANG_WARN_STRICT_PROTOTYPES = YES;
				CLANG_WARN_SUSPICIOUS_MOVE = YES;
				CLANG_WARN_UNREACHABLE_CODE = YES;
				CLANG_WARN__DUPLICATE_METHOD_MATCH = YES;
				"CODE_SIGN_IDENTITY[sdk=iphoneos*]" = "iPhone Developer";
				COPY_PHASE_STRIP = NO;
				DEBUG_INFORMATION_FORMAT = "dwarf-with-dsym";
				ENABLE_NS_ASSERTIONS = NO;
				ENABLE_STRICT_OBJC_MSGSEND = YES;
				GCC_C_LANGUAGE_STANDARD = gnu99;
				GCC_NO_COMMON_BLOCKS = YES;
				GCC_WARN_64_TO_32_BIT_CONVERSION = YES;
				GCC_WARN_ABOUT_RETURN_TYPE = YES_ERROR;
				GCC_WARN_UNDECLARED_SELECTOR = YES;
				GCC_WARN_UNINITIALIZED_AUTOS = YES_AGGRESSIVE;
				GCC_WARN_UNUSED_FUNCTION = YES;
				GCC_WARN_UNUSED_VARIABLE = YES;
				IPHONEOS_DEPLOYMENT_TARGET = 10.3;
				MTL_ENABLE_DEBUG_INFO = NO;
				SDKROOT = iphoneos;
				TARGETED_DEVICE_FAMILY = "1,2";
				VALIDATE_PRODUCT = YES;
			};
			name = Release;
		};
		8AD808481F3DB0E80040C9CF /* Debug */ = {
			isa = XCBuildConfiguration;
			baseConfigurationReference = 8280EAE70BEB3A47F85369CA /* Pods-TVSAccountDemo.debug.xcconfig */;
			buildSettings = {
				ARCHS = arm64;
				ASSETCATALOG_COMPILER_APPICON_NAME = AppIcon;
				DEVELOPMENT_TEAM = 5TNCWX532Z;
				FRAMEWORK_SEARCH_PATHS = (
					"$(inherited)",
					"$(PROJECT_DIR)/",
					"$(PROJECT_DIR)",
				);
				HEADER_SEARCH_PATHS = "$(PROJECT_DIR)/WeChat";
				INFOPLIST_FILE = "$(SRCROOT)/TVSAccountDemo/Info.plist";
				IPHONEOS_DEPLOYMENT_TARGET = 8.0;
				LD_RUNPATH_SEARCH_PATHS = "$(inherited) @executable_path/Frameworks";
				LIBRARY_SEARCH_PATHS = (
					"$(inherited)",
					"$(PROJECT_DIR)/WeChat",
				);
				OTHER_LDFLAGS = (
					"$(inherited)",
					"-ObjC",
				);
				PRODUCT_BUNDLE_IDENTIFIER = com.tencent.TVSAccountDemo;
				PRODUCT_NAME = "$(TARGET_NAME)";
			};
			name = Debug;
		};
		8AD808491F3DB0E80040C9CF /* Release */ = {
			isa = XCBuildConfiguration;
			baseConfigurationReference = 9469E77371DE60DE145348FE /* Pods-TVSAccountDemo.release.xcconfig */;
			buildSettings = {
				ARCHS = arm64;
				ASSETCATALOG_COMPILER_APPICON_NAME = AppIcon;
				DEVELOPMENT_TEAM = 5TNCWX532Z;
				FRAMEWORK_SEARCH_PATHS = (
					"$(inherited)",
					"$(PROJECT_DIR)/",
					"$(PROJECT_DIR)",
				);
				HEADER_SEARCH_PATHS = "$(PROJECT_DIR)/WeChat";
				INFOPLIST_FILE = "$(SRCROOT)/TVSAccountDemo/Info.plist";
				IPHONEOS_DEPLOYMENT_TARGET = 8.0;
				LD_RUNPATH_SEARCH_PATHS = "$(inherited) @executable_path/Frameworks";
				LIBRARY_SEARCH_PATHS = (
					"$(inherited)",
					"$(PROJECT_DIR)/WeChat",
				);
				OTHER_LDFLAGS = (
					"$(inherited)",
					"-ObjC",
				);
				PRODUCT_BUNDLE_IDENTIFIER = com.tencent.TVSAccountDemo;
				PRODUCT_NAME = "$(TARGET_NAME)";
			};
			name = Release;
		};
/* End XCBuildConfiguration section */

/* Begin XCConfigurationList section */
		8AD808151F3DB0E80040C9CF /* Build configuration list for PBXProject "TVSAccountDemo" */ = {
			isa = XCConfigurationList;
			buildConfigurations = (
				8AD808451F3DB0E80040C9CF /* Debug */,
				8AD808461F3DB0E80040C9CF /* Release */,
			);
			defaultConfigurationIsVisible = 0;
			defaultConfigurationName = Release;
		};
		8AD808471F3DB0E80040C9CF /* Build configuration list for PBXNativeTarget "TVSAccountDemo" */ = {
			isa = XCConfigurationList;
			buildConfigurations = (
				8AD808481F3DB0E80040C9CF /* Debug */,
				8AD808491F3DB0E80040C9CF /* Release */,
			);
			defaultConfigurationIsVisible = 0;
			defaultConfigurationName = Release;
		};
/* End XCConfigurationList section */
	};
	rootObject = 8AD808121F3DB0E80040C9CF /* Project object */;
}
