// !$*UTF8*$!
{
	archiveVersion = 1;
	classes = {
	};
	objectVersion = 46;
	objects = {

/* Begin PBXBuildFile section */
		80029D8E222E7FFF003F12F5 /* TVSWeb.framework in Frameworks */ = {isa = PBXBuildFile; fileRef = 80029D8D222E7FFF003F12F5 /* TVSWeb.framework */; };
		80029D91222E9EB2003F12F5 /* SpeechVC.m in Sources */ = {isa = PBXBuildFile; fileRef = 80029D90222E9EB2003F12F5 /* SpeechVC.m */; };
		800818D1222F7C6800A02B99 /* MainVC.m in Sources */ = {isa = PBXBuildFile; fileRef = 800818D0222F7C6800A02B99 /* MainVC.m */; };
		80599B7C1FD82B7000901F7C /* libWeChatSDK.a in Frameworks */ = {isa = PBXBuildFile; fileRef = 80599B7B1FD82B7000901F7C /* libWeChatSDK.a */; };
		80599B7E1FD82BEE00901F7C /* libsqlite3.tbd in Frameworks */ = {isa = PBXBuildFile; fileRef = 80599B7D1FD82BEE00901F7C /* libsqlite3.tbd */; };
		80599B821FD82C4200901F7C /* TencentOpenAPI.framework in Frameworks */ = {isa = PBXBuildFile; fileRef = 80599B811FD82C4200901F7C /* TencentOpenAPI.framework */; };
		80599B841FD82CA800901F7C /* SystemConfiguration.framework in Frameworks */ = {isa = PBXBuildFile; fileRef = 80599B831FD82C9F00901F7C /* SystemConfiguration.framework */; };
		80599B861FD82CBD00901F7C /* CoreTelephony.framework in Frameworks */ = {isa = PBXBuildFile; fileRef = 80599B851FD82CB600901F7C /* CoreTelephony.framework */; };
		808E8EE6223258CC00BEFFB0 /* BrowserVC.m in Sources */ = {isa = PBXBuildFile; fileRef = 808E8EE5223258CC00BEFFB0 /* BrowserVC.m */; };
		808E8EE82237545F00BEFFB0 /* libz.tbd in Frameworks */ = {isa = PBXBuildFile; fileRef = 80599B7F1FD82BFF00901F7C /* libz.tbd */; };
		80C3905B220011F200698F7D /* DeviceVC.m in Sources */ = {isa = PBXBuildFile; fileRef = 80C3905A220011F200698F7D /* DeviceVC.m */; };
		80C3905E2200120600698F7D /* WebVC.m in Sources */ = {isa = PBXBuildFile; fileRef = 80C3905D2200120600698F7D /* WebVC.m */; };
		80C390612200121800698F7D /* MemberVC.m in Sources */ = {isa = PBXBuildFile; fileRef = 80C390602200121800698F7D /* MemberVC.m */; };
		80C390642200122A00698F7D /* TSKVC.m in Sources */ = {isa = PBXBuildFile; fileRef = 80C390632200122A00698F7D /* TSKVC.m */; };
		80C3911D2200392700698F7D /* TVSSpeech.framework in Frameworks */ = {isa = PBXBuildFile; fileRef = 80C391192200392700698F7D /* TVSSpeech.framework */; };
		80C3911E2200392700698F7D /* TVSTSKM.framework in Frameworks */ = {isa = PBXBuildFile; fileRef = 80C3911A2200392700698F7D /* TVSTSKM.framework */; };
		80C39121220044F000698F7D /* BaseVC.m in Sources */ = {isa = PBXBuildFile; fileRef = 80C39120220044F000698F7D /* BaseVC.m */; };
		80FD8ECF21F865F5004FFCA3 /* TVSMember.framework in Frameworks */ = {isa = PBXBuildFile; fileRef = 80FD8ECC21F865F5004FFCA3 /* TVSMember.framework */; };
		80FD905321FAB325004FFCA3 /* TVSCore.framework in Frameworks */ = {isa = PBXBuildFile; fileRef = 80FD905221FAB325004FFCA3 /* TVSCore.framework */; };
		8AD8081F1F3DB0E80040C9CF /* main.m in Sources */ = {isa = PBXBuildFile; fileRef = 8AD8081E1F3DB0E80040C9CF /* main.m */; };
		8AD808221F3DB0E80040C9CF /* AppDelegate.m in Sources */ = {isa = PBXBuildFile; fileRef = 8AD808211F3DB0E80040C9CF /* AppDelegate.m */; };
		8AD808251F3DB0E80040C9CF /* AuthVC.m in Sources */ = {isa = PBXBuildFile; fileRef = 8AD808241F3DB0E80040C9CF /* AuthVC.m */; };
		8AD808281F3DB0E80040C9CF /* Main.storyboard in Resources */ = {isa = PBXBuildFile; fileRef = 8AD808261F3DB0E80040C9CF /* Main.storyboard */; };
		8AD8082A1F3DB0E80040C9CF /* Assets.xcassets in Resources */ = {isa = PBXBuildFile; fileRef = 8AD808291F3DB0E80040C9CF /* Assets.xcassets */; };
		8AD8082D1F3DB0E80040C9CF /* LaunchScreen.storyboard in Resources */ = {isa = PBXBuildFile; fileRef = 8AD8082B1F3DB0E80040C9CF /* LaunchScreen.storyboard */; };
		BE64B6E41F052E1D05A2CF72 /* libPods-TVSAccountDemo.a in Frameworks */ = {isa = PBXBuildFile; fileRef = 9A116544346F83D8A8992DAC /* libPods-TVSAccountDemo.a */; };
/* End PBXBuildFile section */

/* Begin PBXCopyFilesBuildPhase section */
		809D23971FA72A4D00C2C455 /* Embed Frameworks */ = {
			isa = PBXCopyFilesBuildPhase;
			buildActionMask = 2147483647;
			dstPath = "";
			dstSubfolderSpec = 10;
			files = (
			);
			name = "Embed Frameworks";
			runOnlyForDeploymentPostprocessing = 0;
		};
/* End PBXCopyFilesBuildPhase section */

/* Begin PBXFileReference section */
		80029D8D222E7FFF003F12F5 /* TVSWeb.framework */ = {isa = PBXFileReference; lastKnownFileType = wrapper.framework; path = TVSWeb.framework; sourceTree = "<group>"; };
		80029D8F222E9EB2003F12F5 /* SpeechVC.h */ = {isa = PBXFileReference; lastKnownFileType = sourcecode.c.h; path = SpeechVC.h; sourceTree = "<group>"; };
		80029D90222E9EB2003F12F5 /* SpeechVC.m */ = {isa = PBXFileReference; lastKnownFileType = sourcecode.c.objc; path = SpeechVC.m; sourceTree = "<group>"; };
		800818CF222F7C6800A02B99 /* MainVC.h */ = {isa = PBXFileReference; lastKnownFileType = sourcecode.c.h; path = MainVC.h; sourceTree = "<group>"; };
		800818D0222F7C6800A02B99 /* MainVC.m */ = {isa = PBXFileReference; lastKnownFileType = sourcecode.c.objc; path = MainVC.m; sourceTree = "<group>"; };
		80599B7B1FD82B7000901F7C /* libWeChatSDK.a */ = {isa = PBXFileReference; lastKnownFileType = archive.ar; name = libWeChatSDK.a; path = WeChat/libWeChatSDK.a; sourceTree = "<group>"; };
		80599B7D1FD82BEE00901F7C /* libsqlite3.tbd */ = {isa = PBXFileReference; lastKnownFileType = "sourcecode.text-based-dylib-definition"; name = libsqlite3.tbd; path = usr/lib/libsqlite3.tbd; sourceTree = SDKROOT; };
		80599B7F1FD82BFF00901F7C /* libz.tbd */ = {isa = PBXFileReference; lastKnownFileType = "sourcecode.text-based-dylib-definition"; name = libz.tbd; path = usr/lib/libz.tbd; sourceTree = SDKROOT; };
		80599B811FD82C4200901F7C /* TencentOpenAPI.framework */ = {isa = PBXFileReference; lastKnownFileType = wrapper.framework; path = TencentOpenAPI.framework; sourceTree = "<group>"; };
		80599B831FD82C9F00901F7C /* SystemConfiguration.framework */ = {isa = PBXFileReference; lastKnownFileType = wrapper.framework; name = SystemConfiguration.framework; path = System/Library/Frameworks/SystemConfiguration.framework; sourceTree = SDKROOT; };
		80599B851FD82CB600901F7C /* CoreTelephony.framework */ = {isa = PBXFileReference; lastKnownFileType = wrapper.framework; name = CoreTelephony.framework; path = System/Library/Frameworks/CoreTelephony.framework; sourceTree = SDKROOT; };
		808E8EE4223258CC00BEFFB0 /* BrowserVC.h */ = {isa = PBXFileReference; lastKnownFileType = sourcecode.c.h; path = BrowserVC.h; sourceTree = "<group>"; };
		808E8EE5223258CC00BEFFB0 /* BrowserVC.m */ = {isa = PBXFileReference; lastKnownFileType = sourcecode.c.objc; path = BrowserVC.m; sourceTree = "<group>"; };
		80C39059220011F200698F7D /* DeviceVC.h */ = {isa = PBXFileReference; lastKnownFileType = sourcecode.c.h; path = DeviceVC.h; sourceTree = "<group>"; };
		80C3905A220011F200698F7D /* DeviceVC.m */ = {isa = PBXFileReference; lastKnownFileType = sourcecode.c.objc; path = DeviceVC.m; sourceTree = "<group>"; };
		80C3905C2200120600698F7D /* WebVC.h */ = {isa = PBXFileReference; lastKnownFileType = sourcecode.c.h; path = WebVC.h; sourceTree = "<group>"; };
		80C3905D2200120600698F7D /* WebVC.m */ = {isa = PBXFileReference; lastKnownFileType = sourcecode.c.objc; path = WebVC.m; sourceTree = "<group>"; };
		80C3905F2200121800698F7D /* MemberVC.h */ = {isa = PBXFileReference; lastKnownFileType = sourcecode.c.h; path = MemberVC.h; sourceTree = "<group>"; };
		80C390602200121800698F7D /* MemberVC.m */ = {isa = PBXFileReference; lastKnownFileType = sourcecode.c.objc; path = MemberVC.m; sourceTree = "<group>"; };
		80C390622200122A00698F7D /* TSKVC.h */ = {isa = PBXFileReference; lastKnownFileType = sourcecode.c.h; path = TSKVC.h; sourceTree = "<group>"; };
		80C390632200122A00698F7D /* TSKVC.m */ = {isa = PBXFileReference; lastKnownFileType = sourcecode.c.objc; path = TSKVC.m; sourceTree = "<group>"; };
		80C391192200392700698F7D /* TVSSpeech.framework */ = {isa = PBXFileReference; lastKnownFileType = wrapper.framework; path = TVSSpeech.framework; sourceTree = "<group>"; };
		80C3911A2200392700698F7D /* TVSTSKM.framework */ = {isa = PBXFileReference; lastKnownFileType = wrapper.framework; path = TVSTSKM.framework; sourceTree = "<group>"; };
		80C3911F220044F000698F7D /* BaseVC.h */ = {isa = PBXFileReference; lastKnownFileType = sourcecode.c.h; path = BaseVC.h; sourceTree = "<group>"; };
		80C39120220044F000698F7D /* BaseVC.m */ = {isa = PBXFileReference; lastKnownFileType = sourcecode.c.objc; path = BaseVC.m; sourceTree = "<group>"; };
		80FD8ECC21F865F5004FFCA3 /* TVSMember.framework */ = {isa = PBXFileReference; lastKnownFileType = wrapper.framework; path = TVSMember.framework; sourceTree = "<group>"; };
		80FD905221FAB325004FFCA3 /* TVSCore.framework */ = {isa = PBXFileReference; lastKnownFileType = wrapper.framework; path = TVSCore.framework; sourceTree = "<group>"; };
		80FD905421FAB3AA004FFCA3 /* libstdc++.6.tbd */ = {isa = PBXFileReference; lastKnownFileType = "sourcecode.text-based-dylib-definition"; name = "libstdc++.6.tbd"; path = "usr/lib/libstdc++.6.tbd"; sourceTree = SDKROOT; };
		8280EAE70BEB3A47F85369CA /* Pods-TVSAccountDemo.debug.xcconfig */ = {isa = PBXFileReference; includeInIndex = 1; lastKnownFileType = text.xcconfig; name = "Pods-TVSAccountDemo.debug.xcconfig"; path = "Pods/Target Support Files/Pods-TVSAccountDemo/Pods-TVSAccountDemo.debug.xcconfig"; sourceTree = "<group>"; };
		8AD8081A1F3DB0E80040C9CF /* TVSAccountDemo.app */ = {isa = PBXFileReference; explicitFileType = wrapper.application; includeInIndex = 0; path = TVSAccountDemo.app; sourceTree = BUILT_PRODUCTS_DIR; };
		8AD8081E1F3DB0E80040C9CF /* main.m */ = {isa = PBXFileReference; lastKnownFileType = sourcecode.c.objc; path = main.m; sourceTree = "<group>"; };
		8AD808201F3DB0E80040C9CF /* AppDelegate.h */ = {isa = PBXFileReference; lastKnownFileType = sourcecode.c.h; path = AppDelegate.h; sourceTree = "<group>"; };
		8AD808211F3DB0E80040C9CF /* AppDelegate.m */ = {isa = PBXFileReference; lastKnownFileType = sourcecode.c.objc; path = AppDelegate.m; sourceTree = "<group>"; };
		8AD808231F3DB0E80040C9CF /* AuthVC.h */ = {isa = PBXFileReference; lastKnownFileType = sourcecode.c.h; path = AuthVC.h; sourceTree = "<group>"; };
		8AD808241F3DB0E80040C9CF /* AuthVC.m */ = {isa = PBXFileReference; lastKnownFileType = sourcecode.c.objc; path = AuthVC.m; sourceTree = "<group>"; };
		8AD808271F3DB0E80040C9CF /* Base */ = {isa = PBXFileReference; lastKnownFileType = file.storyboard; name = Base; path = Base.lproj/Main.storyboard; sourceTree = "<group>"; };
		8AD808291F3DB0E80040C9CF /* Assets.xcassets */ = {isa = PBXFileReference; lastKnownFileType = folder.assetcatalog; path = Assets.xcassets; sourceTree = "<group>"; };
		8AD8082C1F3DB0E80040C9CF /* Base */ = {isa = PBXFileReference; lastKnownFileType = file.storyboard; name = Base; path = Base.lproj/LaunchScreen.storyboard; sourceTree = "<group>"; };
		8AD8082E1F3DB0E80040C9CF /* Info.plist */ = {isa = PBXFileReference; lastKnownFileType = text.plist.xml; path = Info.plist; sourceTree = "<group>"; };
		9469E77371DE60DE145348FE /* Pods-TVSAccountDemo.release.xcconfig */ = {isa = PBXFileReference; includeInIndex = 1; lastKnownFileType = text.xcconfig; name = "Pods-TVSAccountDemo.release.xcconfig"; path = "Pods/Target Support Files/Pods-TVSAccountDemo/Pods-TVSAccountDemo.release.xcconfig"; sourceTree = "<group>"; };
		9A116544346F83D8A8992DAC /* libPods-TVSAccountDemo.a */ = {isa = PBXFileReference; explicitFileType = archive.ar; includeInIndex = 0; path = "libPods-TVSAccountDemo.a"; sourceTree = BUILT_PRODUCTS_DIR; };
/* End PBXFileReference section */

/* Begin PBXFrameworksBuildPhase section */
		8AD808171F3DB0E80040C9CF /* Frameworks */ = {
			isa = PBXFrameworksBuildPhase;
			buildActionMask = 2147483647;
			files = (
				80FD905321FAB325004FFCA3 /* TVSCore.framework in Frameworks */,
				80029D8E222E7FFF003F12F5 /* TVSWeb.framework in Frameworks */,
				80FD8ECF21F865F5004FFCA3 /* TVSMember.framework in Frameworks */,
				80C3911E2200392700698F7D /* TVSTSKM.framework in Frameworks */,
				80C3911D2200392700698F7D /* TVSSpeech.framework in Frameworks */,
				80599B821FD82C4200901F7C /* TencentOpenAPI.framework in Frameworks */,
				80599B7C1FD82B7000901F7C /* libWeChatSDK.a in Frameworks */,
				80599B7E1FD82BEE00901F7C /* libsqlite3.tbd in Frameworks */,
				808E8EE82237545F00BEFFB0 /* libz.tbd in Frameworks */,
				80599B861FD82CBD00901F7C /* CoreTelephony.framework in Frameworks */,
				80599B841FD82CA800901F7C /* SystemConfiguration.framework in Frameworks */,
				BE64B6E41F052E1D05A2CF72 /* libPods-TVSAccountDemo.a in Frameworks */,
			);
			runOnlyForDeploymentPostprocessing = 0;
		};
/* End PBXFrameworksBuildPhase section */

/* Begin PBXGroup section */
		489A4B7CC496B5BB515224A5 /* Pods */ = {
			isa = PBXGroup;
			children = (
				8280EAE70BEB3A47F85369CA /* Pods-TVSAccountDemo.debug.xcconfig */,
				9469E77371DE60DE145348FE /* Pods-TVSAccountDemo.release.xcconfig */,
			);
			name = Pods;
			sourceTree = "<group>";
		};
		80C39058220000B000698F7D /* VC */ = {
			isa = PBXGroup;
			children = (
				80C3911F220044F000698F7D /* BaseVC.h */,
				80C39120220044F000698F7D /* BaseVC.m */,
				800818CF222F7C6800A02B99 /* MainVC.h */,
				800818D0222F7C6800A02B99 /* MainVC.m */,
				8AD808231F3DB0E80040C9CF /* AuthVC.h */,
				8AD808241F3DB0E80040C9CF /* AuthVC.m */,
				80C39059220011F200698F7D /* DeviceVC.h */,
				80C3905A220011F200698F7D /* DeviceVC.m */,
				80C3905C2200120600698F7D /* WebVC.h */,
				80C3905D2200120600698F7D /* WebVC.m */,
				808E8EE4223258CC00BEFFB0 /* BrowserVC.h */,
				808E8EE5223258CC00BEFFB0 /* BrowserVC.m */,
				80C3905F2200121800698F7D /* MemberVC.h */,
				80C390602200121800698F7D /* MemberVC.m */,
				80C390622200122A00698F7D /* TSKVC.h */,
				80C390632200122A00698F7D /* TSKVC.m */,
				80029D8F222E9EB2003F12F5 /* SpeechVC.h */,
				80029D90222E9EB2003F12F5 /* SpeechVC.m */,
			);
			name = VC;
			sourceTree = "<group>";
		};
		8A9738311F418BBD003BD45B /* Frameworks */ = {
			isa = PBXGroup;
			children = (
				80029D8D222E7FFF003F12F5 /* TVSWeb.framework */,
				80C391192200392700698F7D /* TVSSpeech.framework */,
				80C3911A2200392700698F7D /* TVSTSKM.framework */,
				80FD905421FAB3AA004FFCA3 /* libstdc++.6.tbd */,
				80FD905221FAB325004FFCA3 /* TVSCore.framework */,
				80FD8ECC21F865F5004FFCA3 /* TVSMember.framework */,
				80599B851FD82CB600901F7C /* CoreTelephony.framework */,
				80599B831FD82C9F00901F7C /* SystemConfiguration.framework */,
				80599B811FD82C4200901F7C /* TencentOpenAPI.framework */,
				80599B7F1FD82BFF00901F7C /* libz.tbd */,
				80599B7D1FD82BEE00901F7C /* libsqlite3.tbd */,
				80599B7B1FD82B7000901F7C /* libWeChatSDK.a */,
				9A116544346F83D8A8992DAC /* libPods-TVSAccountDemo.a */,
			);
			name = Frameworks;
			sourceTree = "<group>";
		};
		8AD808111F3DB0E80040C9CF = {
			isa = PBXGroup;
			children = (
				8AD8081C1F3DB0E80040C9CF /* TVSAccountDemo */,
				8AD8081B1F3DB0E80040C9CF /* Products */,
				8A9738311F418BBD003BD45B /* Frameworks */,
				489A4B7CC496B5BB515224A5 /* Pods */,
			);
			sourceTree = "<group>";
		};
		8AD8081B1F3DB0E80040C9CF /* Products */ = {
			isa = PBXGroup;
			children = (
				8AD8081A1F3DB0E80040C9CF /* TVSAccountDemo.app */,
			);
			name = Products;
			sourceTree = "<group>";
		};
		8AD8081C1F3DB0E80040C9CF /* TVSAccountDemo */ = {
			isa = PBXGroup;
			children = (
				8AD808201F3DB0E80040C9CF /* AppDelegate.h */,
				8AD808211F3DB0E80040C9CF /* AppDelegate.m */,
				80C39058220000B000698F7D /* VC */,
				8AD808261F3DB0E80040C9CF /* Main.storyboard */,
				8AD808291F3DB0E80040C9CF /* Assets.xcassets */,
				8AD8082B1F3DB0E80040C9CF /* LaunchScreen.storyboard */,
				8AD8082E1F3DB0E80040C9CF /* Info.plist */,
				8AD8081D1F3DB0E80040C9CF /* Supporting Files */,
			);
			path = TVSAccountDemo;
			sourceTree = "<group>";
		};
		8AD8081D1F3DB0E80040C9CF /* Supporting Files */ = {
			isa = PBXGroup;
			children = (
				8AD8081E1F3DB0E80040C9CF /* main.m */,
			);
			name = "Supporting Files";
			sourceTree = "<group>";
		};
/* End PBXGroup section */

/* Begin PBXNativeTarget section */
		8AD808191F3DB0E80040C9CF /* TVSAccountDemo */ = {
			isa = PBXNativeTarget;
			buildConfigurationList = 8AD808471F3DB0E80040C9CF /* Build configuration list for PBXNativeTarget "TVSAccountDemo" */;
			buildPhases = (
				EF1AF91E94E3B925635D4A7D /* [CP] Check Pods Manifest.lock */,
				8AD808161F3DB0E80040C9CF /* Sources */,
				8AD808171F3DB0E80040C9CF /* Frameworks */,
				8AD808181F3DB0E80040C9CF /* Resources */,
				809D23971FA72A4D00C2C455 /* Embed Frameworks */,
				81C6FC47E363418BABD4586F /* [CP] Embed Pods Frameworks */,
				FAEBC3B4EF7CC7DDD11E8C8D /* [CP] Copy Pods Resources */,
				800818CE222F669F00A02B99 /* ShellScript */,
			);
			buildRules = (
			);
			dependencies = (
			);
			name = TVSAccountDemo;
			productName = TvsLoginDemo;
			productReference = 8AD8081A1F3DB0E80040C9CF /* TVSAccountDemo.app */;
			productType = "com.apple.product-type.application";
		};
/* End PBXNativeTarget section */

/* Begin PBXProject section */
		8AD808121F3DB0E80040C9CF /* Project object */ = {
			isa = PBXProject;
			attributes = {
				LastUpgradeCheck = 1010;
				ORGANIZATIONNAME = tencent;
				TargetAttributes = {
					8AD808191F3DB0E80040C9CF = {
						CreatedOnToolsVersion = 8.3.2;
						DevelopmentTeam = 5TNCWX532Z;
						ProvisioningStyle = Automatic;
					};
				};
			};
			buildConfigurationList = 8AD808151F3DB0E80040C9CF /* Build configuration list for PBXProject "TVSAccountDemo" */;
			compatibilityVersion = "Xcode 3.2";
			developmentRegion = English;
			hasScannedForEncodings = 0;
			knownRegions = (
				en,
				Base,
			);
			mainGroup = 8AD808111F3DB0E80040C9CF;
			productRefGroup = 8AD8081B1F3DB0E80040C9CF /* Products */;
			projectDirPath = "";
			projectRoot = "";
			targets = (
				8AD808191F3DB0E80040C9CF /* TVSAccountDemo */,
			);
		};
/* End PBXProject section */

/* Begin PBXResourcesBuildPhase section */
		8AD808181F3DB0E80040C9CF /* Resources */ = {
			isa = PBXResourcesBuildPhase;
			buildActionMask = 2147483647;
			files = (
				8AD8082D1F3DB0E80040C9CF /* LaunchScreen.storyboard in Resources */,
				8AD8082A1F3DB0E80040C9CF /* Assets.xcassets in Resources */,
				8AD808281F3DB0E80040C9CF /* Main.storyboard in Resources */,
			);
			runOnlyForDeploymentPostprocessing = 0;
		};
/* End PBXResourcesBuildPhase section */

/* Begin PBXShellScriptBuildPhase section */
		800818CE222F669F00A02B99 /* ShellScript */ = {
			isa = PBXShellScriptBuildPhase;
			buildActionMask = 2147483647;
			files = (
			);
			inputFileListPaths = (
			);
			inputPaths = (
			);
			outputFileListPaths = (
			);
			outputPaths = (
			);
			runOnlyForDeploymentPostprocessing = 0;
			shellPath = /bin/sh;
			shellScript = "# compress application.\n/bin/rm -rf $CONFIGURATION_BUILD_DIR/Payload\n\n/bin/ls $CONFIGURATION_BUILD_DIR\n\n/bin/mkdir $CONFIGURATION_BUILD_DIR/Payload\n\n/bin/cp -R $CONFIGURATION_BUILD_DIR/$PRODUCT_NAME.app $CONFIGURATION_BUILD_DIR/Payload\n\n#/bin/cp iTunesArtwork/iTunesArtwork.png $CONFIGURATION_BUILD_DIR/iTunesArtwork\n\ncd $CONFIGURATION_BUILD_DIR\n\n# zip up the application directory\n\n#/usr/bin/zip -r $PRODUCT_NAME.ipa Payload iTunesArtwork\n\n/usr/bin/zip -r $PRODUCT_NAME.ipa Payload\n\n# 备份符号表\n#echo \"Backup the .dSYM ...\"\n\n#/usr/bin/zip -r AISDKDemo.ipa.dSYM.zip  AISDKDemo.app.dSYM\n\n/bin/ls $CONFIGURATION_BUILD_DIR\n\n#cat $CONFIGURATION_BUILD_DIR\n\n#echo \"Copy the .ipa to dir out/ ...\"\n\n# 将ipa文件copy到根目录下的result目录\n#/bin/rm -rf $SRCROOT/out\n\n#/bin/mkdir $SRCROOT/out\n\n#cp $CONFIGURATION_BUILD_DIR/$PRODUCT_NAME.ipa  $SRCROOT/out/$PRODUCT_NAME.ipa\n\necho \"Clean the build dir ...\"\n\n/bin/rm -rf Payload\n\n#/bin/rm -rf iTunesArtwork\n\necho \"Packet .ipa done.\"\n";
		};
		81C6FC47E363418BABD4586F /* [CP] Embed Pods Frameworks */ = {
			isa = PBXShellScriptBuildPhase;
			buildActionMask = 2147483647;
			files = (
			);
			inputPaths = (
			);
			name = "[CP] Embed Pods Frameworks";
			outputPaths = (
			);
			runOnlyForDeploymentPostprocessing = 0;
			shellPath = /bin/sh;
			shellScript = "\"${SRCROOT}/Pods/Target Support Files/Pods-TVSAccountDemo/Pods-TVSAccountDemo-frameworks.sh\"\n";
			showEnvVarsInLog = 0;
		};
		EF1AF91E94E3B925635D4A7D /* [CP] Check Pods Manifest.lock */ = {
			isa = PBXShellScriptBuildPhase;
			buildActionMask = 2147483647;
			files = (
			);
			inputPaths = (
				"${PODS_PODFILE_DIR_PATH}/Podfile.lock",
				"${PODS_ROOT}/Manifest.lock",
			);
			name = "[CP] Check Pods Manifest.lock";
			outputPaths = (
				"$(DERIVED_FILE_DIR)/Pods-TVSAccountDemo-checkManifestLockResult.txt",
			);
			runOnlyForDeploymentPostprocessing = 0;
			shellPath = /bin/sh;
			shellScript = "diff \"${PODS_PODFILE_DIR_PATH}/Podfile.lock\" \"${PODS_ROOT}/Manifest.lock\" > /dev/null\nif [ $? != 0 ] ; then\n    # print error to STDERR\n    echo \"error: The sandbox is not in sync with the Podfile.lock. Run 'pod install' or update your CocoaPods installation.\" >&2\n    exit 1\nfi\n# This output is used by Xcode 'outputs' to avoid re-running this script phase.\necho \"SUCCESS\" > \"${SCRIPT_OUTPUT_FILE_0}\"\n";
			showEnvVarsInLog = 0;
		};
		FAEBC3B4EF7CC7DDD11E8C8D /* [CP] Copy Pods Resources */ = {
			isa = PBXShellScriptBuildPhase;
			buildActionMask = 2147483647;
			files = (
			);
			inputPaths = (
			);
			name = "[CP] Copy Pods Resources";
			outputPaths = (
			);
			runOnlyForDeploymentPostprocessing = 0;
			shellPath = /bin/sh;
			shellScript = "\"${SRCROOT}/Pods/Target Support Files/Pods-TVSAccountDemo/Pods-TVSAccountDemo-resources.sh\"\n";
			showEnvVarsInLog = 0;
		};
/* End PBXShellScriptBuildPhase section */

/* Begin PBXSourcesBuildPhase section */
		8AD808161F3DB0E80040C9CF /* Sources */ = {
			isa = PBXSourcesBuildPhase;
			buildActionMask = 2147483647;
			files = (
				80C390612200121800698F7D /* MemberVC.m in Sources */,
				80C3905E2200120600698F7D /* WebVC.m in Sources */,
				80C390642200122A00698F7D /* TSKVC.m in Sources */,
				808E8EE6223258CC00BEFFB0 /* BrowserVC.m in Sources */,
				800818D1222F7C6800A02B99 /* MainVC.m in Sources */,
				8AD808251F3DB0E80040C9CF /* AuthVC.m in Sources */,
				80029D91222E9EB2003F12F5 /* SpeechVC.m in Sources */,
				8AD808221F3DB0E80040C9CF /* AppDelegate.m in Sources */,
				80C3905B220011F200698F7D /* DeviceVC.m in Sources */,
				8AD8081F1F3DB0E80040C9CF /* main.m in Sources */,
				80C39121220044F000698F7D /* BaseVC.m in Sources */,
			);
			runOnlyForDeploymentPostprocessing = 0;
		};
/* End PBXSourcesBuildPhase section */

/* Begin PBXVariantGroup section */
		8AD808261F3DB0E80040C9CF /* Main.storyboard */ = {
			isa = PBXVariantGroup;
			children = (
				8AD808271F3DB0E80040C9CF /* Base */,
			);
			name = Main.storyboard;
			sourceTree = "<group>";
		};
		8AD8082B1F3DB0E80040C9CF /* LaunchScreen.storyboard */ = {
			isa = PBXVariantGroup;
			children = (
				8AD8082C1F3DB0E80040C9CF /* Base */,
			);
			name = LaunchScreen.storyboard;
			sourceTree = "<group>";
		};
/* End PBXVariantGroup section */

/* Begin XCBuildConfiguration section */
		8AD808451F3DB0E80040C9CF /* Debug */ = {
			isa = XCBuildConfiguration;
			buildSettings = {
				ALWAYS_SEARCH_USER_PATHS = NO;
				CLANG_ANALYZER_NONNULL = YES;
				CLANG_ANALYZER_NUMBER_OBJECT_CONVERSION = YES_AGGRESSIVE;
				CLANG_CXX_LANGUAGE_STANDARD = "gnu++0x";
				CLANG_CXX_LIBRARY = "libc++";
				CLANG_ENABLE_MODULES = YES;
				CLANG_ENABLE_OBJC_ARC = YES;
				CLANG_WARN_BLOCK_CAPTURE_AUTORELEASING = YES;
				CLANG_WARN_BOOL_CONVERSION = YES;
				CLANG_WARN_COMMA = YES;
				CLANG_WARN_CONSTANT_CONVERSION = YES;
				CLANG_WARN_DEPRECATED_OBJC_IMPLEMENTATIONS = YES;
				CLANG_WARN_DIRECT_OBJC_ISA_USAGE = YES_ERROR;
				CLANG_WARN_DOCUMENTATION_COMMENTS = YES;
				CLANG_WARN_EMPTY_BODY = YES;
				CLANG_WARN_ENUM_CONVERSION = YES;
				CLANG_WARN_INFINITE_RECURSION = YES;
				CLANG_WARN_INT_CONVERSION = YES;
				CLANG_WARN_NON_LITERAL_NULL_CONVERSION = YES;
				CLANG_WARN_OBJC_IMPLICIT_RETAIN_SELF = YES;
				CLANG_WARN_OBJC_LITERAL_CONVERSION = YES;
				CLANG_WARN_OBJC_ROOT_CLASS = YES_ERROR;
				CLANG_WARN_RANGE_LOOP_ANALYSIS = YES;
				CLANG_WARN_STRICT_PROTOTYPES = YES;
				CLANG_WARN_SUSPICIOUS_MOVE = YES;
				CLANG_WARN_UNREACHABLE_CODE = YES;
				CLANG_WARN__DUPLICATE_METHOD_MATCH = YES;
				"CODE_SIGN_IDENTITY[sdk=iphoneos*]" = "iPhone Developer";
				COPY_PHASE_STRIP = NO;
				DEBUG_INFORMATION_FORMAT = dwarf;
				ENABLE_STRICT_OBJC_MSGSEND = YES;
				ENABLE_TESTABILITY = YES;
				GCC_C_LANGUAGE_STANDARD = gnu99;
				GCC_DYNAMIC_NO_PIC = NO;
				GCC_NO_COMMON_BLOCKS = YES;
				GCC_OPTIMIZATION_LEVEL = 0;
				GCC_PREPROCESSOR_DEFINITIONS = (
					"DEBUG=1",
					"$(inherited)",
				);
				GCC_WARN_64_TO_32_BIT_CONVERSION = YES;
				GCC_WARN_ABOUT_RETURN_TYPE = YES_ERROR;
				GCC_WARN_UNDECLARED_SELECTOR = YES;
				GCC_WARN_UNINITIALIZED_AUTOS = YES_AGGRESSIVE;
				GCC_WARN_UNUSED_FUNCTION = YES;
				GCC_WARN_UNUSED_VARIABLE = YES;
				IPHONEOS_DEPLOYMENT_TARGET = 10.3;
				MTL_ENABLE_DEBUG_INFO = YES;
				ONLY_ACTIVE_ARCH = YES;
				SDKROOT = iphoneos;
				TARGETED_DEVICE_FAMILY = "1,2";
			};
			name = Debug;
		};
		8AD808461F3DB0E80040C9CF /* Release */ = {
			isa = XCBuildConfiguration;
			buildSettings = {
				ALWAYS_SEARCH_USER_PATHS = NO;
				CLANG_ANALYZER_NONNULL = YES;
				CLANG_ANALYZER_NUMBER_OBJECT_CONVERSION = YES_AGGRESSIVE;
				CLANG_CXX_LANGUAGE_STANDARD = "gnu++0x";
				CLANG_CXX_LIBRARY = "libc++";
				CLANG_ENABLE_MODULES = YES;
				CLANG_ENABLE_OBJC_ARC = YES;
				CLANG_WARN_BLOCK_CAPTURE_AUTORELEASING = YES;
				CLANG_WARN_BOOL_CONVERSION = YES;
				CLANG_WARN_COMMA = YES;
				CLANG_WARN_CONSTANT_CONVERSION = YES;
				CLANG_WARN_DEPRECATED_OBJC_IMPLEMENTATIONS = YES;
				CLANG_WARN_DIRECT_OBJC_ISA_USAGE = YES_ERROR;
				CLANG_WARN_DOCUMENTATION_COMMENTS = YES;
				CLANG_WARN_EMPTY_BODY = YES;
				CLANG_WARN_ENUM_CONVERSION = YES;
				CLANG_WARN_INFINITE_RECURSION = YES;
				CLANG_WARN_INT_CONVERSION = YES;
				CLANG_WARN_NON_LITERAL_NULL_CONVERSION = YES;
				CLANG_WARN_OBJC_IMPLICIT_RETAIN_SELF = YES;
				CLANG_WARN_OBJC_LITERAL_CONVERSION = YES;
				CLANG_WARN_OBJC_ROOT_CLASS = YES_ERROR;
				CLANG_WARN_RANGE_LOOP_ANALYSIS = YES;
				CLANG_WARN_STRICT_PROTOTYPES = YES;
				CLANG_WARN_SUSPICIOUS_MOVE = YES;
				CLANG_WARN_UNREACHABLE_CODE = YES;
				CLANG_WARN__DUPLICATE_METHOD_MATCH = YES;
				"CODE_SIGN_IDENTITY[sdk=iphoneos*]" = "iPhone Developer";
				COPY_PHASE_STRIP = NO;
				DEBUG_INFORMATION_FORMAT = "dwarf-with-dsym";
				ENABLE_NS_ASSERTIONS = NO;
				ENABLE_STRICT_OBJC_MSGSEND = YES;
				GCC_C_LANGUAGE_STANDARD = gnu99;
				GCC_NO_COMMON_BLOCKS = YES;
				GCC_WARN_64_TO_32_BIT_CONVERSION = YES;
				GCC_WARN_ABOUT_RETURN_TYPE = YES_ERROR;
				GCC_WARN_UNDECLARED_SELECTOR = YES;
				GCC_WARN_UNINITIALIZED_AUTOS = YES_AGGRESSIVE;
				GCC_WARN_UNUSED_FUNCTION = YES;
				GCC_WARN_UNUSED_VARIABLE = YES;
				IPHONEOS_DEPLOYMENT_TARGET = 10.3;
				MTL_ENABLE_DEBUG_INFO = NO;
				SDKROOT = iphoneos;
				TARGETED_DEVICE_FAMILY = "1,2";
				VALIDATE_PRODUCT = YES;
			};
			name = Release;
		};
		8AD808481F3DB0E80040C9CF /* Debug */ = {
			isa = XCBuildConfiguration;
			baseConfigurationReference = 8280EAE70BEB3A47F85369CA /* Pods-TVSAccountDemo.debug.xcconfig */;
			buildSettings = {
				ASSETCATALOG_COMPILER_APPICON_NAME = AppIcon;
				DEVELOPMENT_TEAM = 5TNCWX532Z;
				FRAMEWORK_SEARCH_PATHS = (
					"$(inherited)",
					"$(PROJECT_DIR)/",
					"$(PROJECT_DIR)",
				);
				HEADER_SEARCH_PATHS = "$(PROJECT_DIR)/WeChat";
				INFOPLIST_FILE = "$(SRCROOT)/TVSAccountDemo/Info.plist";
				IPHONEOS_DEPLOYMENT_TARGET = 10.0;
				LD_RUNPATH_SEARCH_PATHS = "$(inherited) @executable_path/Frameworks";
				LIBRARY_SEARCH_PATHS = (
					"$(inherited)",
					"$(PROJECT_DIR)/WeChat",
				);
				OTHER_LDFLAGS = (
					"$(inherited)",
					"-ObjC",
					"-lc++",
				);
				PRODUCT_BUNDLE_IDENTIFIER = com.tencent.dingdang.dmsdk.demo;
				PRODUCT_NAME = "$(TARGET_NAME)";
			};
			name = Debug;
		};
		8AD808491F3DB0E80040C9CF /* Release */ = {
			isa = XCBuildConfiguration;
			baseConfigurationReference = 9469E77371DE60DE145348FE /* Pods-TVSAccountDemo.release.xcconfig */;
			buildSettings = {
				ASSETCATALOG_COMPILER_APPICON_NAME = AppIcon;
				DEVELOPMENT_TEAM = 5TNCWX532Z;
				FRAMEWORK_SEARCH_PATHS = (
					"$(inherited)",
					"$(PROJECT_DIR)/",
					"$(PROJECT_DIR)",
				);
				HEADER_SEARCH_PATHS = "$(PROJECT_DIR)/WeChat";
				INFOPLIST_FILE = "$(SRCROOT)/TVSAccountDemo/Info.plist";
				IPHONEOS_DEPLOYMENT_TARGET = 10.0;
				LD_RUNPATH_SEARCH_PATHS = "$(inherited) @executable_path/Frameworks";
				LIBRARY_SEARCH_PATHS = (
					"$(inherited)",
					"$(PROJECT_DIR)/WeChat",
				);
				OTHER_LDFLAGS = (
					"$(inherited)",
					"-ObjC",
					"-lc++",
				);
				PRODUCT_BUNDLE_IDENTIFIER = com.tencent.dingdang.dmsdk.demo;
				PRODUCT_NAME = "$(TARGET_NAME)";
			};
			name = Release;
		};
/* End XCBuildConfiguration section */

/* Begin XCConfigurationList section */
		8AD808151F3DB0E80040C9CF /* Build configuration list for PBXProject "TVSAccountDemo" */ = {
			isa = XCConfigurationList;
			buildConfigurations = (
				8AD808451F3DB0E80040C9CF /* Debug */,
				8AD808461F3DB0E80040C9CF /* Release */,
			);
			defaultConfigurationIsVisible = 0;
			defaultConfigurationName = Release;
		};
		8AD808471F3DB0E80040C9CF /* Build configuration list for PBXNativeTarget "TVSAccountDemo" */ = {
			isa = XCConfigurationList;
			buildConfigurations = (
				8AD808481F3DB0E80040C9CF /* Debug */,
				8AD808491F3DB0E80040C9CF /* Release */,
			);
			defaultConfigurationIsVisible = 0;
			defaultConfigurationName = Release;
		};
/* End XCConfigurationList section */
	};
	rootObject = 8AD808121F3DB0E80040C9CF /* Project object */;
}
